
Microsoft Visual Studio Solution File, Format Version 12.00
# Visual Studio Version 17
VisualStudioVersion = 17.5.33627.172
MinimumVisualStudioVersion = 10.0.40219.1
Project("{2150E333-8FDC-42A3-9474-1A3956D46DE8}") = "Domain", "Domain", "{890292A1-9904-410C-AA99-37261E548C36}"
EndProject
Project("{2150E333-8FDC-42A3-9474-1A3956D46DE8}") = "Infrastructure", "Infrastructure", "{5196095E-11C5-4D7F-AAFF-5A796AFCED80}"
EndProject
Project("{2150E333-8FDC-42A3-9474-1A3956D46DE8}") = "Application", "Application", "{E4B104F4-BD2B-4B75-8F6A-794E215BF271}"
EndProject
Project("{2150E333-8FDC-42A3-9474-1A3956D46DE8}") = "Handlers", "Handlers", "{A53DF4D3-5F2E-4A07-A993-D050EB073506}"
EndProject
Project("{2150E333-8FDC-42A3-9474-1A3956D46DE8}") = "Shared", "Shared", "{B836848F-3A06-4575-9F2E-58DF105416D3}"
EndProject
Project("{2150E333-8FDC-42A3-9474-1A3956D46DE8}") = "Api", "Api", "{5229DF23-5DDC-4F73-A1F2-A961198EFB05}"
EndProject
Project("{FAE04EC0-301F-11D3-BF4B-00C04F79EFBC}") = "Store.Admin.Api", "Store.Admin.Api\Store.Admin.Api.csproj", "{C28811D7-2CE9-487B-A3F4-5827BAC27A31}"
EndProject
Project("{FAE04EC0-301F-11D3-BF4B-00C04F79EFBC}") = "Store.Gateway", "Store.Gateway\Store.Gateway.csproj", "{5E82867E-EEF7-4179-8990-91198F84E24F}"
EndProject
Project("{FAE04EC0-301F-11D3-BF4B-00C04F79EFBC}") = "Store.Domain", "Store.Domain\Store.Domain.csproj", "{E36A2CF4-9F4E-4BCA-AAB9-3B830C5A5028}"
EndProject
Project("{FAE04EC0-301F-11D3-BF4B-00C04F79EFBC}") = "Store.Domain.Models", "Store.Domain.Models\Store.Domain.Models.csproj", "{861D2511-0A79-4025-AE91-D363990DEA47}"
EndProject
Project("{FAE04EC0-301F-11D3-BF4B-00C04F79EFBC}") = "Store.Domain.Repository", "Store.Domain.Repository\Store.Domain.Repository.csproj", "{C92BB7D9-CDE9-4C03-8669-03BD54D3A6B7}"
EndProject
Project("{FAE04EC0-301F-11D3-BF4B-00C04F79EFBC}") = "Store.Domain.Service", "Store.Domain.Service\Store.Domain.Service.csproj", "{BE6E00E4-2B49-4910-A67B-C429B9FF6B3A}"
EndProject
Project("{FAE04EC0-301F-11D3-BF4B-00C04F79EFBC}") = "Store.Admin.Handlers", "Store.Admin.Handlers\Store.Admin.Handlers.csproj", "{974B7730-3CBF-41E6-ADB4-89BDD253148E}"
EndProject
Project("{FAE04EC0-301F-11D3-BF4B-00C04F79EFBC}") = "Store.Infrastructure.Repository", "Store.Infrastructure.Repository\Store.Infrastructure.Repository.csproj", "{983782B9-0BED-4815-80BD-535E983C3A10}"
EndProject
Project("{FAE04EC0-301F-11D3-BF4B-00C04F79EFBC}") = "Store.Infrastructure.Service", "Store.Infrastructure.Service\Store.Infrastructure.Service.csproj", "{CBF4DE83-C0AE-42B4-B38C-ABB84EDCE369}"
EndProject
Project("{FAE04EC0-301F-11D3-BF4B-00C04F79EFBC}") = "Store.Shared", "Store.Shared\Store.Shared.csproj", "{5F52212D-10DF-4825-B45F-51D9FA7314DE}"
EndProject
Project("{FAE04EC0-301F-11D3-BF4B-00C04F79EFBC}") = "Store.Infrastructure.Migrations", "Store.Infrastructure.Migrations\Store.Infrastructure.Migrations.csproj", "{8DD43BFE-D185-457E-9311-90A388FB7FA2}"
EndProject
Global
	GlobalSection(SolutionConfigurationPlatforms) = preSolution
		Debug|Any CPU = Debug|Any CPU
		Release|Any CPU = Release|Any CPU
	EndGlobalSection
	GlobalSection(ProjectConfigurationPlatforms) = postSolution
		{C28811D7-2CE9-487B-A3F4-5827BAC27A31}.Debug|Any CPU.ActiveCfg = Debug|Any CPU
		{C28811D7-2CE9-487B-A3F4-5827BAC27A31}.Debug|Any CPU.Build.0 = Debug|Any CPU
		{C28811D7-2CE9-487B-A3F4-5827BAC27A31}.Release|Any CPU.ActiveCfg = Release|Any CPU
		{C28811D7-2CE9-487B-A3F4-5827BAC27A31}.Release|Any CPU.Build.0 = Release|Any CPU
		{5E82867E-EEF7-4179-8990-91198F84E24F}.Debug|Any CPU.ActiveCfg = Debug|Any CPU
		{5E82867E-EEF7-4179-8990-91198F84E24F}.Debug|Any CPU.Build.0 = Debug|Any CPU
		{5E82867E-EEF7-4179-8990-91198F84E24F}.Release|Any CPU.ActiveCfg = Release|Any CPU
		{5E82867E-EEF7-4179-8990-91198F84E24F}.Release|Any CPU.Build.0 = Release|Any CPU
		{E36A2CF4-9F4E-4BCA-AAB9-3B830C5A5028}.Debug|Any CPU.ActiveCfg = Debug|Any CPU
		{E36A2CF4-9F4E-4BCA-AAB9-3B830C5A5028}.Debug|Any CPU.Build.0 = Debug|Any CPU
		{E36A2CF4-9F4E-4BCA-AAB9-3B830C5A5028}.Release|Any CPU.ActiveCfg = Release|Any CPU
		{E36A2CF4-9F4E-4BCA-AAB9-3B830C5A5028}.Release|Any CPU.Build.0 = Release|Any CPU
		{861D2511-0A79-4025-AE91-D363990DEA47}.Debug|Any CPU.ActiveCfg = Debug|Any CPU
		{861D2511-0A79-4025-AE91-D363990DEA47}.Debug|Any CPU.Build.0 = Debug|Any CPU
		{861D2511-0A79-4025-AE91-D363990DEA47}.Release|Any CPU.ActiveCfg = Release|Any CPU
		{861D2511-0A79-4025-AE91-D363990DEA47}.Release|Any CPU.Build.0 = Release|Any CPU
		{C92BB7D9-CDE9-4C03-8669-03BD54D3A6B7}.Debug|Any CPU.ActiveCfg = Debug|Any CPU
		{C92BB7D9-CDE9-4C03-8669-03BD54D3A6B7}.Debug|Any CPU.Build.0 = Debug|Any CPU
		{C92BB7D9-CDE9-4C03-8669-03BD54D3A6B7}.Release|Any CPU.ActiveCfg = Release|Any CPU
		{C92BB7D9-CDE9-4C03-8669-03BD54D3A6B7}.Release|Any CPU.Build.0 = Release|Any CPU
		{BE6E00E4-2B49-4910-A67B-C429B9FF6B3A}.Debug|Any CPU.ActiveCfg = Debug|Any CPU
		{BE6E00E4-2B49-4910-A67B-C429B9FF6B3A}.Debug|Any CPU.Build.0 = Debug|Any CPU
		{BE6E00E4-2B49-4910-A67B-C429B9FF6B3A}.Release|Any CPU.ActiveCfg = Release|Any CPU
		{BE6E00E4-2B49-4910-A67B-C429B9FF6B3A}.Release|Any CPU.Build.0 = Release|Any CPU
		{974B7730-3CBF-41E6-ADB4-89BDD253148E}.Debug|Any CPU.ActiveCfg = Debug|Any CPU
		{974B7730-3CBF-41E6-ADB4-89BDD253148E}.Debug|Any CPU.Build.0 = Debug|Any CPU
		{974B7730-3CBF-41E6-ADB4-89BDD253148E}.Release|Any CPU.ActiveCfg = Release|Any CPU
		{974B7730-3CBF-41E6-ADB4-89BDD253148E}.Release|Any CPU.Build.0 = Release|Any CPU
		{983782B9-0BED-4815-80BD-535E983C3A10}.Debug|Any CPU.ActiveCfg = Debug|Any CPU
		{983782B9-0BED-4815-80BD-535E983C3A10}.Debug|Any CPU.Build.0 = Debug|Any CPU
		{983782B9-0BED-4815-80BD-535E983C3A10}.Release|Any CPU.ActiveCfg = Release|Any CPU
		{983782B9-0BED-4815-80BD-535E983C3A10}.Release|Any CPU.Build.0 = Release|Any CPU
		{CBF4DE83-C0AE-42B4-B38C-ABB84EDCE369}.Debug|Any CPU.ActiveCfg = Debug|Any CPU
		{CBF4DE83-C0AE-42B4-B38C-ABB84EDCE369}.Debug|Any CPU.Build.0 = Debug|Any CPU
		{CBF4DE83-C0AE-42B4-B38C-ABB84EDCE369}.Release|Any CPU.ActiveCfg = Release|Any CPU
		{CBF4DE83-C0AE-42B4-B38C-ABB84EDCE369}.Release|Any CPU.Build.0 = Release|Any CPU
		{5F52212D-10DF-4825-B45F-51D9FA7314DE}.Debug|Any CPU.ActiveCfg = Debug|Any CPU
		{5F52212D-10DF-4825-B45F-51D9FA7314DE}.Debug|Any CPU.Build.0 = Debug|Any CPU
		{5F52212D-10DF-4825-B45F-51D9FA7314DE}.Release|Any CPU.ActiveCfg = Release|Any CPU
		{5F52212D-10DF-4825-B45F-51D9FA7314DE}.Release|Any CPU.Build.0 = Release|Any CPU
		{8DD43BFE-D185-457E-9311-90A388FB7FA2}.Debug|Any CPU.ActiveCfg = Debug|Any CPU
		{8DD43BFE-D185-457E-9311-90A388FB7FA2}.Debug|Any CPU.Build.0 = Debug|Any CPU
		{8DD43BFE-D185-457E-9311-90A388FB7FA2}.Release|Any CPU.ActiveCfg = Release|Any CPU
		{8DD43BFE-D185-457E-9311-90A388FB7FA2}.Release|Any CPU.Build.0 = Release|Any CPU
	EndGlobalSection
	GlobalSection(SolutionProperties) = preSolution
		HideSolutionNode = FALSE
	EndGlobalSection
	GlobalSection(NestedProjects) = preSolution
		{5229DF23-5DDC-4F73-A1F2-A961198EFB05} = {E4B104F4-BD2B-4B75-8F6A-794E215BF271}
		{C28811D7-2CE9-487B-A3F4-5827BAC27A31} = {5229DF23-5DDC-4F73-A1F2-A961198EFB05}
		{5E82867E-EEF7-4179-8990-91198F84E24F} = {5229DF23-5DDC-4F73-A1F2-A961198EFB05}
		{E36A2CF4-9F4E-4BCA-AAB9-3B830C5A5028} = {890292A1-9904-410C-AA99-37261E548C36}
		{861D2511-0A79-4025-AE91-D363990DEA47} = {890292A1-9904-410C-AA99-37261E548C36}
		{C92BB7D9-CDE9-4C03-8669-03BD54D3A6B7} = {890292A1-9904-410C-AA99-37261E548C36}
		{BE6E00E4-2B49-4910-A67B-C429B9FF6B3A} = {890292A1-9904-410C-AA99-37261E548C36}
		{974B7730-3CBF-41E6-ADB4-89BDD253148E} = {A53DF4D3-5F2E-4A07-A993-D050EB073506}
		{983782B9-0BED-4815-80BD-535E983C3A10} = {5196095E-11C5-4D7F-AAFF-5A796AFCED80}
		{CBF4DE83-C0AE-42B4-B38C-ABB84EDCE369} = {5196095E-11C5-4D7F-AAFF-5A796AFCED80}
		{5F52212D-10DF-4825-B45F-51D9FA7314DE} = {B836848F-3A06-4575-9F2E-58DF105416D3}
		{8DD43BFE-D185-457E-9311-90A388FB7FA2} = {5196095E-11C5-4D7F-AAFF-5A796AFCED80}
	EndGlobalSection
	GlobalSection(ExtensibilityGlobals) = postSolution
		SolutionGuid = {08DC308F-BBDF-472E-B3D3-D33686F9DAD7}
	EndGlobalSection
EndGlobal
