
Microsoft Visual Studio Solution File, Format Version 12.00
# Visual Studio Version 17
VisualStudioVersion = 17.5.33627.172
MinimumVisualStudioVersion = 10.0.40219.1
Project("{2150E333-8FDC-42A3-9474-1A3956D46DE8}") = "Domain", "Domain", "{890292A1-9904-410C-AA99-37261E548C36}"
EndProject
Project("{2150E333-8FDC-42A3-9474-1A3956D46DE8}") = "Infrastructure", "Infrastructure", "{5196095E-11C5-4D7F-AAFF-5A796AFCED80}"
EndProject
Project("{2150E333-8FDC-42A3-9474-1A3956D46DE8}") = "Application", "Application", "{E4B104F4-BD2B-4B75-8F6A-794E215BF271}"
EndProject
Project("{2150E333-8FDC-42A3-9474-1A3956D46DE8}") = "Handlers", "Handlers", "{A53DF4D3-5F2E-4A07-A993-D050EB073506}"
EndProject
Project("{2150E333-8FDC-42A3-9474-1A3956D46DE8}") = "Api", "Api", "{5229DF23-5DDC-4F73-A1F2-A961198EFB05}"
EndProject
Project("{9A19103F-16F7-4668-BE54-9A1E7A4F7556}") = "Store.Admin.Api", "Store.Admin.Api\Store.Admin.Api.csproj", "{C28811D7-2CE9-487B-A3F4-5827BAC27A31}"
EndProject
Project("{9A19103F-16F7-4668-BE54-9A1E7A4F7556}") = "Store.Gateway", "Store.Gateway\Store.Gateway.csproj", "{5E82867E-EEF7-4179-8990-91198F84E24F}"
EndProject
Project("{9A19103F-16F7-4668-BE54-9A1E7A4F7556}") = "Store.Domain", "Store.Domain\Store.Domain.csproj", "{E36A2CF4-9F4E-4BCA-AAB9-3B830C5A5028}"
EndProject
Project("{9A19103F-16F7-4668-BE54-9A1E7A4F7556}") = "Store.Domain.Models", "Store.Domain.Models\Store.Domain.Models.csproj", "{861D2511-0A79-4025-AE91-D363990DEA47}"
EndProject
Project("{9A19103F-16F7-4668-BE54-9A1E7A4F7556}") = "Store.Domain.Repository", "Store.Domain.Repository\Store.Domain.Repository.csproj", "{C92BB7D9-CDE9-4C03-8669-03BD54D3A6B7}"
EndProject
Project("{9A19103F-16F7-4668-BE54-9A1E7A4F7556}") = "Store.Domain.Service", "Store.Domain.Service\Store.Domain.Service.csproj", "{BE6E00E4-2B49-4910-A67B-C429B9FF6B3A}"
EndProject
Project("{9A19103F-16F7-4668-BE54-9A1E7A4F7556}") = "Store.Admin.Handlers", "Store.Admin.Handlers\Store.Admin.Handlers.csproj", "{974B7730-3CBF-41E6-ADB4-89BDD253148E}"
EndProject
Project("{9A19103F-16F7-4668-BE54-9A1E7A4F7556}") = "Store.Infrastructure.Repository", "Store.Infrastructure.Repository\Store.Infrastructure.Repository.csproj", "{983782B9-0BED-4815-80BD-535E983C3A10}"
EndProject
Project("{9A19103F-16F7-4668-BE54-9A1E7A4F7556}") = "Store.Infrastructure.Service", "Store.Infrastructure.Service\Store.Infrastructure.Service.csproj", "{CBF4DE83-C0AE-42B4-B38C-ABB84EDCE369}"
EndProject
Project("{9A19103F-16F7-4668-BE54-9A1E7A4F7556}") = "Store.Infrastructure.Migrations", "Store.Infrastructure.Migrations\Store.Infrastructure.Migrations.csproj", "{8DD43BFE-D185-457E-9311-90A388FB7FA2}"
EndProject
Project("{2150E333-8FDC-42A3-9474-1A3956D46DE8}") = "RabbitMQ", "RabbitMQ", "{C8DFF608-5039-47D4-9767-871E997F4EB6}"
EndProject
Project("{9A19103F-16F7-4668-BE54-9A1E7A4F7556}") = "RabbitMQ.Domain.Core", "RabbitMQ.Domain.Core\RabbitMQ.Domain.Core.csproj", "{C8032345-2E6C-4AE7-871A-791613E319B6}"
EndProject
Project("{9A19103F-16F7-4668-BE54-9A1E7A4F7556}") = "RabbitMQ.Infrastructure.Bus", "RabbitMQ.Infrastructure.Bus\RabbitMQ.Infrastructure.Bus.csproj", "{A2DFB16C-F397-4090-88FD-E29FEBA86220}"
EndProject
Project("{2150E333-8FDC-42A3-9474-1A3956D46DE8}") = "Banking", "Banking", "{8726DB2D-25F8-4FD3-ABD8-78CD69851A1C}"
EndProject
Project("{2150E333-8FDC-42A3-9474-1A3956D46DE8}") = "Store", "Store", "{30BDF9AF-3949-4A37-9E76-E435597955BA}"
EndProject
Project("{2150E333-8FDC-42A3-9474-1A3956D46DE8}") = "Application", "Application", "{F00AC480-FA64-4066-8698-17992C3DDFB5}"
EndProject
Project("{2150E333-8FDC-42A3-9474-1A3956D46DE8}") = "Domain", "Domain", "{8A591E7F-6C25-4B7C-9FE8-B3B731E8EF4E}"
EndProject
Project("{2150E333-8FDC-42A3-9474-1A3956D46DE8}") = "Infrastructure", "Infrastructure", "{C49C089A-8462-4ECA-B6F3-2F07D97112D0}"
EndProject
Project("{2150E333-8FDC-42A3-9474-1A3956D46DE8}") = "Api", "Api", "{3D2F6451-E56D-4074-B699-2A83363CC959}"
EndProject
Project("{9A19103F-16F7-4668-BE54-9A1E7A4F7556}") = "Banking.Domain", "Banking.Domain\Banking.Domain.csproj", "{5956C64F-E485-418A-B046-4CB068FEF5C8}"
EndProject
Project("{9A19103F-16F7-4668-BE54-9A1E7A4F7556}") = "Banking.Domain.Models", "Banking.Domain.Models\Banking.Domain.Models.csproj", "{E776576D-163E-43C4-985B-20ADA4903761}"
EndProject
Project("{9A19103F-16F7-4668-BE54-9A1E7A4F7556}") = "Banking.Domain.Repository", "Banking.Domain.Repository\Banking.Domain.Repository.csproj", "{1052CD47-2A3A-476E-9D4C-76805707F1FB}"
EndProject
Project("{9A19103F-16F7-4668-BE54-9A1E7A4F7556}") = "Banking.Domain.Service", "Banking.Domain.Service\Banking.Domain.Service.csproj", "{925C017F-3B9C-4E6C-B2D3-BEA46798EED7}"
EndProject
Project("{9A19103F-16F7-4668-BE54-9A1E7A4F7556}") = "Banking.Infrastructure.Repository", "Banking.Infrastructure.Repository\Banking.Infrastructure.Repository.csproj", "{38F8D5A8-7393-4FE5-A76E-9107E2F524D4}"
EndProject
Project("{9A19103F-16F7-4668-BE54-9A1E7A4F7556}") = "Banking.Infrastructure.Service", "Banking.Infrastructure.Service\Banking.Infrastructure.Service.csproj", "{EB91E849-091E-47B9-8A79-3B83A3B45B52}"
EndProject
Project("{9A19103F-16F7-4668-BE54-9A1E7A4F7556}") = "Banking.Infrastructure.Migrations", "Banking.Infrastructure.Migrations\Banking.Infrastructure.Migrations.csproj", "{5C195683-0E36-4778-BE12-765CFFC00CA7}"
EndProject
Project("{9A19103F-16F7-4668-BE54-9A1E7A4F7556}") = "Banking.Admin.Api", "Banking.Admin.Api\Banking.Admin.Api.csproj", "{65FE052B-2071-4A7C-B239-FE45F1A12174}"
EndProject
Project("{2150E333-8FDC-42A3-9474-1A3956D46DE8}") = "Shared", "Shared", "{7D994CCA-0BCE-4F80-BE5D-B0F169AC5799}"
EndProject
Project("{9A19103F-16F7-4668-BE54-9A1E7A4F7556}") = "Shared", "Shared\Shared.csproj", "{AA7AEB65-CD38-49B3-9070-67E2E1DCE89B}"
EndProject
Project("{2150E333-8FDC-42A3-9474-1A3956D46DE8}") = "Handlers", "Handlers", "{0FE18246-A552-4FC0-9871-676A76B1AB53}"
EndProject
Project("{FAE04EC0-301F-11D3-BF4B-00C04F79EFBC}") = "Banking.Handlers", "Banking.Handlers\Banking.Handlers.csproj", "{CE0A97DC-AC71-497F-90AC-E8FD36CF7B6D}"
EndProject
Global
	GlobalSection(SolutionConfigurationPlatforms) = preSolution
		Debug|Any CPU = Debug|Any CPU
		Release|Any CPU = Release|Any CPU
	EndGlobalSection
	GlobalSection(ProjectConfigurationPlatforms) = postSolution
		{C28811D7-2CE9-487B-A3F4-5827BAC27A31}.Debug|Any CPU.ActiveCfg = Debug|Any CPU
		{C28811D7-2CE9-487B-A3F4-5827BAC27A31}.Debug|Any CPU.Build.0 = Debug|Any CPU
		{C28811D7-2CE9-487B-A3F4-5827BAC27A31}.Release|Any CPU.ActiveCfg = Release|Any CPU
		{C28811D7-2CE9-487B-A3F4-5827BAC27A31}.Release|Any CPU.Build.0 = Release|Any CPU
		{5E82867E-EEF7-4179-8990-91198F84E24F}.Debug|Any CPU.ActiveCfg = Debug|Any CPU
		{5E82867E-EEF7-4179-8990-91198F84E24F}.Debug|Any CPU.Build.0 = Debug|Any CPU
		{5E82867E-EEF7-4179-8990-91198F84E24F}.Release|Any CPU.ActiveCfg = Release|Any CPU
		{5E82867E-EEF7-4179-8990-91198F84E24F}.Release|Any CPU.Build.0 = Release|Any CPU
		{E36A2CF4-9F4E-4BCA-AAB9-3B830C5A5028}.Debug|Any CPU.ActiveCfg = Debug|Any CPU
		{E36A2CF4-9F4E-4BCA-AAB9-3B830C5A5028}.Debug|Any CPU.Build.0 = Debug|Any CPU
		{E36A2CF4-9F4E-4BCA-AAB9-3B830C5A5028}.Release|Any CPU.ActiveCfg = Release|Any CPU
		{E36A2CF4-9F4E-4BCA-AAB9-3B830C5A5028}.Release|Any CPU.Build.0 = Release|Any CPU
		{861D2511-0A79-4025-AE91-D363990DEA47}.Debug|Any CPU.ActiveCfg = Debug|Any CPU
		{861D2511-0A79-4025-AE91-D363990DEA47}.Debug|Any CPU.Build.0 = Debug|Any CPU
		{861D2511-0A79-4025-AE91-D363990DEA47}.Release|Any CPU.ActiveCfg = Release|Any CPU
		{861D2511-0A79-4025-AE91-D363990DEA47}.Release|Any CPU.Build.0 = Release|Any CPU
		{C92BB7D9-CDE9-4C03-8669-03BD54D3A6B7}.Debug|Any CPU.ActiveCfg = Debug|Any CPU
		{C92BB7D9-CDE9-4C03-8669-03BD54D3A6B7}.Debug|Any CPU.Build.0 = Debug|Any CPU
		{C92BB7D9-CDE9-4C03-8669-03BD54D3A6B7}.Release|Any CPU.ActiveCfg = Release|Any CPU
		{C92BB7D9-CDE9-4C03-8669-03BD54D3A6B7}.Release|Any CPU.Build.0 = Release|Any CPU
		{BE6E00E4-2B49-4910-A67B-C429B9FF6B3A}.Debug|Any CPU.ActiveCfg = Debug|Any CPU
		{BE6E00E4-2B49-4910-A67B-C429B9FF6B3A}.Debug|Any CPU.Build.0 = Debug|Any CPU
		{BE6E00E4-2B49-4910-A67B-C429B9FF6B3A}.Release|Any CPU.ActiveCfg = Release|Any CPU
		{BE6E00E4-2B49-4910-A67B-C429B9FF6B3A}.Release|Any CPU.Build.0 = Release|Any CPU
		{974B7730-3CBF-41E6-ADB4-89BDD253148E}.Debug|Any CPU.ActiveCfg = Debug|Any CPU
		{974B7730-3CBF-41E6-ADB4-89BDD253148E}.Debug|Any CPU.Build.0 = Debug|Any CPU
		{974B7730-3CBF-41E6-ADB4-89BDD253148E}.Release|Any CPU.ActiveCfg = Release|Any CPU
		{974B7730-3CBF-41E6-ADB4-89BDD253148E}.Release|Any CPU.Build.0 = Release|Any CPU
		{983782B9-0BED-4815-80BD-535E983C3A10}.Debug|Any CPU.ActiveCfg = Debug|Any CPU
		{983782B9-0BED-4815-80BD-535E983C3A10}.Debug|Any CPU.Build.0 = Debug|Any CPU
		{983782B9-0BED-4815-80BD-535E983C3A10}.Release|Any CPU.ActiveCfg = Release|Any CPU
		{983782B9-0BED-4815-80BD-535E983C3A10}.Release|Any CPU.Build.0 = Release|Any CPU
		{CBF4DE83-C0AE-42B4-B38C-ABB84EDCE369}.Debug|Any CPU.ActiveCfg = Debug|Any CPU
		{CBF4DE83-C0AE-42B4-B38C-ABB84EDCE369}.Debug|Any CPU.Build.0 = Debug|Any CPU
		{CBF4DE83-C0AE-42B4-B38C-ABB84EDCE369}.Release|Any CPU.ActiveCfg = Release|Any CPU
		{CBF4DE83-C0AE-42B4-B38C-ABB84EDCE369}.Release|Any CPU.Build.0 = Release|Any CPU
		{8DD43BFE-D185-457E-9311-90A388FB7FA2}.Debug|Any CPU.ActiveCfg = Debug|Any CPU
		{8DD43BFE-D185-457E-9311-90A388FB7FA2}.Debug|Any CPU.Build.0 = Debug|Any CPU
		{8DD43BFE-D185-457E-9311-90A388FB7FA2}.Release|Any CPU.ActiveCfg = Release|Any CPU
		{8DD43BFE-D185-457E-9311-90A388FB7FA2}.Release|Any CPU.Build.0 = Release|Any CPU
		{C8032345-2E6C-4AE7-871A-791613E319B6}.Debug|Any CPU.ActiveCfg = Debug|Any CPU
		{C8032345-2E6C-4AE7-871A-791613E319B6}.Debug|Any CPU.Build.0 = Debug|Any CPU
		{C8032345-2E6C-4AE7-871A-791613E319B6}.Release|Any CPU.ActiveCfg = Release|Any CPU
		{C8032345-2E6C-4AE7-871A-791613E319B6}.Release|Any CPU.Build.0 = Release|Any CPU
		{A2DFB16C-F397-4090-88FD-E29FEBA86220}.Debug|Any CPU.ActiveCfg = Debug|Any CPU
		{A2DFB16C-F397-4090-88FD-E29FEBA86220}.Debug|Any CPU.Build.0 = Debug|Any CPU
		{A2DFB16C-F397-4090-88FD-E29FEBA86220}.Release|Any CPU.ActiveCfg = Release|Any CPU
		{A2DFB16C-F397-4090-88FD-E29FEBA86220}.Release|Any CPU.Build.0 = Release|Any CPU
		{5956C64F-E485-418A-B046-4CB068FEF5C8}.Debug|Any CPU.ActiveCfg = Debug|Any CPU
		{5956C64F-E485-418A-B046-4CB068FEF5C8}.Debug|Any CPU.Build.0 = Debug|Any CPU
		{5956C64F-E485-418A-B046-4CB068FEF5C8}.Release|Any CPU.ActiveCfg = Release|Any CPU
		{5956C64F-E485-418A-B046-4CB068FEF5C8}.Release|Any CPU.Build.0 = Release|Any CPU
		{E776576D-163E-43C4-985B-20ADA4903761}.Debug|Any CPU.ActiveCfg = Debug|Any CPU
		{E776576D-163E-43C4-985B-20ADA4903761}.Debug|Any CPU.Build.0 = Debug|Any CPU
		{E776576D-163E-43C4-985B-20ADA4903761}.Release|Any CPU.ActiveCfg = Release|Any CPU
		{E776576D-163E-43C4-985B-20ADA4903761}.Release|Any CPU.Build.0 = Release|Any CPU
		{1052CD47-2A3A-476E-9D4C-76805707F1FB}.Debug|Any CPU.ActiveCfg = Debug|Any CPU
		{1052CD47-2A3A-476E-9D4C-76805707F1FB}.Debug|Any CPU.Build.0 = Debug|Any CPU
		{1052CD47-2A3A-476E-9D4C-76805707F1FB}.Release|Any CPU.ActiveCfg = Release|Any CPU
		{1052CD47-2A3A-476E-9D4C-76805707F1FB}.Release|Any CPU.Build.0 = Release|Any CPU
		{925C017F-3B9C-4E6C-B2D3-BEA46798EED7}.Debug|Any CPU.ActiveCfg = Debug|Any CPU
		{925C017F-3B9C-4E6C-B2D3-BEA46798EED7}.Debug|Any CPU.Build.0 = Debug|Any CPU
		{925C017F-3B9C-4E6C-B2D3-BEA46798EED7}.Release|Any CPU.ActiveCfg = Release|Any CPU
		{925C017F-3B9C-4E6C-B2D3-BEA46798EED7}.Release|Any CPU.Build.0 = Release|Any CPU
		{38F8D5A8-7393-4FE5-A76E-9107E2F524D4}.Debug|Any CPU.ActiveCfg = Debug|Any CPU
		{38F8D5A8-7393-4FE5-A76E-9107E2F524D4}.Debug|Any CPU.Build.0 = Debug|Any CPU
		{38F8D5A8-7393-4FE5-A76E-9107E2F524D4}.Release|Any CPU.ActiveCfg = Release|Any CPU
		{38F8D5A8-7393-4FE5-A76E-9107E2F524D4}.Release|Any CPU.Build.0 = Release|Any CPU
		{EB91E849-091E-47B9-8A79-3B83A3B45B52}.Debug|Any CPU.ActiveCfg = Debug|Any CPU
		{EB91E849-091E-47B9-8A79-3B83A3B45B52}.Debug|Any CPU.Build.0 = Debug|Any CPU
		{EB91E849-091E-47B9-8A79-3B83A3B45B52}.Release|Any CPU.ActiveCfg = Release|Any CPU
		{EB91E849-091E-47B9-8A79-3B83A3B45B52}.Release|Any CPU.Build.0 = Release|Any CPU
		{5C195683-0E36-4778-BE12-765CFFC00CA7}.Debug|Any CPU.ActiveCfg = Debug|Any CPU
		{5C195683-0E36-4778-BE12-765CFFC00CA7}.Debug|Any CPU.Build.0 = Debug|Any CPU
		{5C195683-0E36-4778-BE12-765CFFC00CA7}.Release|Any CPU.ActiveCfg = Release|Any CPU
		{5C195683-0E36-4778-BE12-765CFFC00CA7}.Release|Any CPU.Build.0 = Release|Any CPU
		{65FE052B-2071-4A7C-B239-FE45F1A12174}.Debug|Any CPU.ActiveCfg = Debug|Any CPU
		{65FE052B-2071-4A7C-B239-FE45F1A12174}.Debug|Any CPU.Build.0 = Debug|Any CPU
		{65FE052B-2071-4A7C-B239-FE45F1A12174}.Release|Any CPU.ActiveCfg = Release|Any CPU
		{65FE052B-2071-4A7C-B239-FE45F1A12174}.Release|Any CPU.Build.0 = Release|Any CPU
		{AA7AEB65-CD38-49B3-9070-67E2E1DCE89B}.Debug|Any CPU.ActiveCfg = Debug|Any CPU
		{AA7AEB65-CD38-49B3-9070-67E2E1DCE89B}.Debug|Any CPU.Build.0 = Debug|Any CPU
		{AA7AEB65-CD38-49B3-9070-67E2E1DCE89B}.Release|Any CPU.ActiveCfg = Release|Any CPU
		{AA7AEB65-CD38-49B3-9070-67E2E1DCE89B}.Release|Any CPU.Build.0 = Release|Any CPU
		{CE0A97DC-AC71-497F-90AC-E8FD36CF7B6D}.Debug|Any CPU.ActiveCfg = Debug|Any CPU
		{CE0A97DC-AC71-497F-90AC-E8FD36CF7B6D}.Debug|Any CPU.Build.0 = Debug|Any CPU
		{CE0A97DC-AC71-497F-90AC-E8FD36CF7B6D}.Release|Any CPU.ActiveCfg = Release|Any CPU
		{CE0A97DC-AC71-497F-90AC-E8FD36CF7B6D}.Release|Any CPU.Build.0 = Release|Any CPU
	EndGlobalSection
	GlobalSection(SolutionProperties) = preSolution
		HideSolutionNode = FALSE
	EndGlobalSection
	GlobalSection(NestedProjects) = preSolution
		{890292A1-9904-410C-AA99-37261E548C36} = {30BDF9AF-3949-4A37-9E76-E435597955BA}
		{5196095E-11C5-4D7F-AAFF-5A796AFCED80} = {30BDF9AF-3949-4A37-9E76-E435597955BA}
		{E4B104F4-BD2B-4B75-8F6A-794E215BF271} = {30BDF9AF-3949-4A37-9E76-E435597955BA}
		{A53DF4D3-5F2E-4A07-A993-D050EB073506} = {30BDF9AF-3949-4A37-9E76-E435597955BA}
		{5229DF23-5DDC-4F73-A1F2-A961198EFB05} = {E4B104F4-BD2B-4B75-8F6A-794E215BF271}
		{C28811D7-2CE9-487B-A3F4-5827BAC27A31} = {5229DF23-5DDC-4F73-A1F2-A961198EFB05}
		{5E82867E-EEF7-4179-8990-91198F84E24F} = {5229DF23-5DDC-4F73-A1F2-A961198EFB05}
		{E36A2CF4-9F4E-4BCA-AAB9-3B830C5A5028} = {890292A1-9904-410C-AA99-37261E548C36}
		{861D2511-0A79-4025-AE91-D363990DEA47} = {890292A1-9904-410C-AA99-37261E548C36}
		{C92BB7D9-CDE9-4C03-8669-03BD54D3A6B7} = {890292A1-9904-410C-AA99-37261E548C36}
		{BE6E00E4-2B49-4910-A67B-C429B9FF6B3A} = {890292A1-9904-410C-AA99-37261E548C36}
		{974B7730-3CBF-41E6-ADB4-89BDD253148E} = {A53DF4D3-5F2E-4A07-A993-D050EB073506}
		{983782B9-0BED-4815-80BD-535E983C3A10} = {5196095E-11C5-4D7F-AAFF-5A796AFCED80}
		{CBF4DE83-C0AE-42B4-B38C-ABB84EDCE369} = {5196095E-11C5-4D7F-AAFF-5A796AFCED80}
		{8DD43BFE-D185-457E-9311-90A388FB7FA2} = {5196095E-11C5-4D7F-AAFF-5A796AFCED80}
		{C8DFF608-5039-47D4-9767-871E997F4EB6} = {7D994CCA-0BCE-4F80-BE5D-B0F169AC5799}
		{C8032345-2E6C-4AE7-871A-791613E319B6} = {C8DFF608-5039-47D4-9767-871E997F4EB6}
		{A2DFB16C-F397-4090-88FD-E29FEBA86220} = {C8DFF608-5039-47D4-9767-871E997F4EB6}
		{F00AC480-FA64-4066-8698-17992C3DDFB5} = {8726DB2D-25F8-4FD3-ABD8-78CD69851A1C}
		{8A591E7F-6C25-4B7C-9FE8-B3B731E8EF4E} = {8726DB2D-25F8-4FD3-ABD8-78CD69851A1C}
		{C49C089A-8462-4ECA-B6F3-2F07D97112D0} = {8726DB2D-25F8-4FD3-ABD8-78CD69851A1C}
		{3D2F6451-E56D-4074-B699-2A83363CC959} = {F00AC480-FA64-4066-8698-17992C3DDFB5}
		{5956C64F-E485-418A-B046-4CB068FEF5C8} = {8A591E7F-6C25-4B7C-9FE8-B3B731E8EF4E}
		{E776576D-163E-43C4-985B-20ADA4903761} = {8A591E7F-6C25-4B7C-9FE8-B3B731E8EF4E}
		{1052CD47-2A3A-476E-9D4C-76805707F1FB} = {8A591E7F-6C25-4B7C-9FE8-B3B731E8EF4E}
		{925C017F-3B9C-4E6C-B2D3-BEA46798EED7} = {8A591E7F-6C25-4B7C-9FE8-B3B731E8EF4E}
		{38F8D5A8-7393-4FE5-A76E-9107E2F524D4} = {C49C089A-8462-4ECA-B6F3-2F07D97112D0}
		{EB91E849-091E-47B9-8A79-3B83A3B45B52} = {C49C089A-8462-4ECA-B6F3-2F07D97112D0}
		{5C195683-0E36-4778-BE12-765CFFC00CA7} = {C49C089A-8462-4ECA-B6F3-2F07D97112D0}
		{65FE052B-2071-4A7C-B239-FE45F1A12174} = {3D2F6451-E56D-4074-B699-2A83363CC959}
		{AA7AEB65-CD38-49B3-9070-67E2E1DCE89B} = {7D994CCA-0BCE-4F80-BE5D-B0F169AC5799}
		{0FE18246-A552-4FC0-9871-676A76B1AB53} = {8726DB2D-25F8-4FD3-ABD8-78CD69851A1C}
		{CE0A97DC-AC71-497F-90AC-E8FD36CF7B6D} = {0FE18246-A552-4FC0-9871-676A76B1AB53}
	EndGlobalSection
	GlobalSection(ExtensibilityGlobals) = postSolution
		SolutionGuid = {08DC308F-BBDF-472E-B3D3-D33686F9DAD7}
	EndGlobalSection
EndGlobal
